
Microsoft Visual Studio Solution File, Format Version 12.00
# Visual Studio Version 17
VisualStudioVersion = 17.7.34221.43
MinimumVisualStudioVersion = 10.0.40219.1
Project("{FAE04EC0-301F-11D3-BF4B-00C04F79EFBC}") = "AttorneyScheduler", "AttorneyScheduler\AttorneyScheduler.csproj", "{A413D4FB-50FC-48A9-8E28-1E996DDCD6CE}"
EndProject
Global
	GlobalSection(SolutionConfigurationPlatforms) = preSolution
		Debug|Any CPU = Debug|Any CPU
		Release|Any CPU = Release|Any CPU
	EndGlobalSection
	GlobalSection(ProjectConfigurationPlatforms) = postSolution
		{A413D4FB-50FC-48A9-8E28-1E996DDCD6CE}.Debug|Any CPU.ActiveCfg = Debug|Any CPU
		{A413D4FB-50FC-48A9-8E28-1E996DDCD6CE}.Debug|Any CPU.Build.0 = Debug|Any CPU
		{A413D4FB-50FC-48A9-8E28-1E996DDCD6CE}.Release|Any CPU.ActiveCfg = Release|Any CPU
		{A413D4FB-50FC-48A9-8E28-1E996DDCD6CE}.Release|Any CPU.Build.0 = Release|Any CPU
	EndGlobalSection
	GlobalSection(SolutionProperties) = preSolution
		HideSolutionNode = FALSE
	EndGlobalSection
	GlobalSection(ExtensibilityGlobals) = postSolution
		SolutionGuid = {083A2CE2-8273-4727-9261-15F701416F20}
	EndGlobalSection
EndGlobal
